
Microsoft Visual Studio Solution File, Format Version 12.00
# Visual Studio 15
Project("{FAE04EC0-301F-11D3-BF4B-00C04F79EFBC}") = "Line_Comparison_Problem", "Line_Comparison_Problem\Line_Comparison_Problem.csproj", "{2FBF9EBC-2D9E-4B32-9F54-9FE9BBD54D96}"
EndProject
Global
	GlobalSection(SolutionConfigurationPlatforms) = preSolution
		Debug|Any CPU = Debug|Any CPU
		Release|Any CPU = Release|Any CPU
	EndGlobalSection
	GlobalSection(ProjectConfigurationPlatforms) = postSolution
		{2FBF9EBC-2D9E-4B32-9F54-9FE9BBD54D96}.Debug|Any CPU.ActiveCfg = Debug|Any CPU
		{2FBF9EBC-2D9E-4B32-9F54-9FE9BBD54D96}.Debug|Any CPU.Build.0 = Debug|Any CPU
		{2FBF9EBC-2D9E-4B32-9F54-9FE9BBD54D96}.Release|Any CPU.ActiveCfg = Release|Any CPU
		{2FBF9EBC-2D9E-4B32-9F54-9FE9BBD54D96}.Release|Any CPU.Build.0 = Release|Any CPU
	EndGlobalSection
EndGlobal
